{
  "dependencies": {
    "space_lib": {
      "version": "https://github.com/spaceArch/space_lib/archive/2e1518c0a60bebff3b290950f1921da41e862d5f.tar.gz",
      "dependencies": {
        "image-size": {
          "version": "0.3.5"
        },
        "node.extend": {
          "version": "1.1.3",
          "dependencies": {
            "is": {
              "version": "2.1.0"
            }
          }
        },
        "imagemagick": {
          "version": "0.1.3"
        },
        "promise": {
          "version": "6.1.0",
          "dependencies": {
            "asap": {
              "version": "1.0.0"
            }
          }
        },
        "space_lib": {
          "version": "git://github.com/spaceArch/space_lib.git#80d8e7460da5b27e445347f03e4aeda138713bc2"
        }
      }
    }
  }
}
